
Microsoft Visual Studio Solution File, Format Version 12.00
# Visual Studio 15
VisualStudioVersion = 15.0.27130.2027
MinimumVisualStudioVersion = 10.0.40219.1
Project("{FAE04EC0-301F-11D3-BF4B-00C04F79EFBC}") = "SpecflowTest", "SpecflowTest\SpecflowTest.csproj", "{FBF47BDB-987E-497A-9E4E-FCEBD9D2EACA}"
EndProject
Global
	GlobalSection(SolutionConfigurationPlatforms) = preSolution
		Debug|Any CPU = Debug|Any CPU
		Release|Any CPU = Release|Any CPU
	EndGlobalSection
	GlobalSection(ProjectConfigurationPlatforms) = postSolution
		{FBF47BDB-987E-497A-9E4E-FCEBD9D2EACA}.Debug|Any CPU.ActiveCfg = Debug|Any CPU
		{FBF47BDB-987E-497A-9E4E-FCEBD9D2EACA}.Debug|Any CPU.Build.0 = Debug|Any CPU
		{FBF47BDB-987E-497A-9E4E-FCEBD9D2EACA}.Release|Any CPU.ActiveCfg = Release|Any CPU
		{FBF47BDB-987E-497A-9E4E-FCEBD9D2EACA}.Release|Any CPU.Build.0 = Release|Any CPU
	EndGlobalSection
	GlobalSection(SolutionProperties) = preSolution
		HideSolutionNode = FALSE
	EndGlobalSection
	GlobalSection(ExtensibilityGlobals) = postSolution
		SolutionGuid = {1CD147DA-2E6E-4DF7-B788-589DB0A74063}
	EndGlobalSection
EndGlobal
